{
  "name": "metasync-memoize-example",
  "version": "1.0.1",
  "lockfileVersion": 1,
  "requires": true,
  "dependencies": {
    "metarhia-common": {
      "version": "0.0.27",
      "resolved": "https://registry.npmjs.org/metarhia-common/-/metarhia-common-0.0.27.tgz",
      "integrity": "sha512-siYY02QU3rB2mRpbCY9TiHNMOot/qY8g8svFb7K53xaUo9Dz+RXu/Ta6LuN9/KeRWGz9HUYI/CYpXaEAjFC4Wg=="
    },
    "metasync": {
      "version": "0.3.29",
      "resolved": "https://registry.npmjs.org/metasync/-/metasync-0.3.29.tgz",
      "integrity": "sha512-qQNcJfjPMCXAt7QRxt7TLyiYS0pA2gaPfvhbOy5r4AbjHI1uphTKCgenHpBQINFkL2DKRqYZMj5yICGFbpHPIg==",
      "requires": {
        "metarhia-common": "^0.0.27"
      }
    }
  }
}
