{
  "name": "metasync-memoize-example",
  "version": "1.0.2",
  "lockfileVersion": 1,
  "requires": true,
  "dependencies": {
    "@metarhia/common": {
      "version": "1.2.1",
      "resolved": "https://registry.npmjs.org/@metarhia/common/-/common-1.2.1.tgz",
      "integrity": "sha512-o+3y3Tqcq1jlxyaKjml/6OuDWd8eEtgUwIMl6YZxoc3OEXM8f4umMFlLlFHueWa2diVo+tjQg7wPA2Bdko7GkA=="
    },
    "metasync": {
      "version": "0.3.31",
      "resolved": "https://registry.npmjs.org/metasync/-/metasync-0.3.31.tgz",
      "integrity": "sha512-ydkv/FHFLWK65EHjFwmEq9vQXIci/L8w9dG3a+DWLRfW4yRy3n4BAXag/pZBAF+UHXvbrOXnfJ0V/IF8MXOLtA==",
      "requires": {
        "@metarhia/common": "^1.0.0"
      }
    }
  }
}
